
Microsoft Visual Studio Solution File, Format Version 12.00
# Visual Studio Version 17
VisualStudioVersion = 17.7.34221.43
MinimumVisualStudioVersion = 10.0.40219.1
Project("{FAE04EC0-301F-11D3-BF4B-00C04F79EFBC}") = "PetaPoco_d", "PetaPoco_d\PetaPoco_d.csproj", "{D18D797F-8419-458A-8FA7-48B0B6F21154}"
EndProject
Global
	GlobalSection(SolutionConfigurationPlatforms) = preSolution
		Debug|Any CPU = Debug|Any CPU
		Release|Any CPU = Release|Any CPU
	EndGlobalSection
	GlobalSection(ProjectConfigurationPlatforms) = postSolution
		{D18D797F-8419-458A-8FA7-48B0B6F21154}.Debug|Any CPU.ActiveCfg = Debug|Any CPU
		{D18D797F-8419-458A-8FA7-48B0B6F21154}.Debug|Any CPU.Build.0 = Debug|Any CPU
		{D18D797F-8419-458A-8FA7-48B0B6F21154}.Release|Any CPU.ActiveCfg = Release|Any CPU
		{D18D797F-8419-458A-8FA7-48B0B6F21154}.Release|Any CPU.Build.0 = Release|Any CPU
	EndGlobalSection
	GlobalSection(SolutionProperties) = preSolution
		HideSolutionNode = FALSE
	EndGlobalSection
	GlobalSection(ExtensibilityGlobals) = postSolution
		SolutionGuid = {766266E0-B923-4F22-B401-B1BACBCCAD38}
	EndGlobalSection
EndGlobal
